{
  "name": "heysoo",
  "version": "1.0.0",
  "lockfileVersion": 1,
  "requires": true,
  "dependencies": {
    "accepts": {
      "version": "http://registry.npmjs.org/accepts/-/accepts-1.3.3.tgz",
      "integrity": "sha1-w8p0NJOGSMPg2cHjKN1otiLChMo=",
      "requires": {
        "mime-types": "https://registry.npm.taobao.org/mime-types/download/mime-types-2.1.16.tgz",
        "negotiator": "http://registry.npmjs.org/negotiator/-/negotiator-0.6.1.tgz"
      }
    },
    "any-promise": {
      "version": "https://registry.npmjs.org/any-promise/-/any-promise-1.3.0.tgz",
      "integrity": "sha1-q8av7tzqUugJzcA3au0845Y10X8="
    },
    "bluebird": {
      "version": "https://registry.npmjs.org/bluebird/-/bluebird-3.5.0.tgz",
      "integrity": "sha1-eRQg1/VR7qKJdFOop3ZT+WYG1nw="
    },
    "bytes": {
      "version": "https://registry.npmjs.org/bytes/-/bytes-2.5.0.tgz",
      "integrity": "sha1-TJQj6i0lLCcMQbK97+/5u2tiwGo="
    },
    "co": {
      "version": "https://registry.npmjs.org/co/-/co-4.6.0.tgz",
      "integrity": "sha1-bqa989hTrlTMuOR7+gvz+QMfsYQ="
    },
    "co-body": {
      "version": "https://registry.npmjs.org/co-body/-/co-body-5.1.1.tgz",
      "integrity": "sha1-2XeB0eM0S6SoIP0YBr3fg0FQUjY=",
      "requires": {
        "inflation": "https://registry.npmjs.org/inflation/-/inflation-2.0.0.tgz",
        "qs": "https://registry.npmjs.org/qs/-/qs-6.5.0.tgz",
        "raw-body": "https://registry.npmjs.org/raw-body/-/raw-body-2.3.0.tgz",
        "type-is": "http://registry.npmjs.org/type-is/-/type-is-1.6.15.tgz"
      }
    },
    "consolidate": {
      "version": "https://registry.npmjs.org/consolidate/-/consolidate-0.14.5.tgz",
      "integrity": "sha1-WiUEe8dvcwcmZ8jLUsmJiI9JTGM=",
      "requires": {
        "bluebird": "https://registry.npmjs.org/bluebird/-/bluebird-3.5.0.tgz"
      }
    },
    "content-disposition": {
      "version": "http://registry.npmjs.org/content-disposition/-/content-disposition-0.5.2.tgz",
      "integrity": "sha1-DPaLud318r55YcOoUXjLhdunjLQ="
    },
    "content-type": {
      "version": "https://registry.npmjs.org/content-type/-/content-type-1.0.2.tgz",
      "integrity": "sha1-t9ETrueo3Se9IRM8TcJSnfFyHu0="
    },
    "cookies": {
      "version": "http://registry.npmjs.org/cookies/-/cookies-0.7.0.tgz",
      "integrity": "sha1-C8lh2RDDUlSYD8fJ7/XaEgEbvwA=",
      "requires": {
        "depd": "http://registry.npmjs.org/depd/-/depd-1.1.1.tgz",
        "keygrip": "http://registry.npmjs.org/keygrip/-/keygrip-1.0.1.tgz"
      }
    },
    "cron-parser": {
      "version": "https://registry.npmjs.org/cron-parser/-/cron-parser-2.4.1.tgz",
      "integrity": "sha1-Aivvzhryk+TTFE/wTCy9LttJEnE=",
      "requires": {
        "is-nan": "https://registry.npmjs.org/is-nan/-/is-nan-1.2.1.tgz",
        "moment-timezone": "https://registry.npmjs.org/moment-timezone/-/moment-timezone-0.5.13.tgz"
      }
    },
    "debug": {
      "version": "3.0.0",
      "resolved": "https://registry.npmjs.org/debug/-/debug-3.0.0.tgz",
      "integrity": "sha512-XQkHxxqbsCb+zFurCHbotmJZl5jXsxvkRt952pT6Hpo7LmjWAJF12d9/kqBg5owjbLADbBDli1olravjSiSg8g==",
      "requires": {
        "ms": "https://registry.npmjs.org/ms/-/ms-2.0.0.tgz"
      }
    },
    "deep-equal": {
      "version": "http://registry.npmjs.org/deep-equal/-/deep-equal-1.0.1.tgz",
      "integrity": "sha1-9dJgKStmDghO/0zbyfCK0yR0SLU="
    },
    "define-properties": {
      "version": "https://registry.npmjs.org/define-properties/-/define-properties-1.1.2.tgz",
      "integrity": "sha1-g6c/L+pWmJj7c3GTyPhzyvbUXJQ=",
      "requires": {
        "foreach": "https://registry.npmjs.org/foreach/-/foreach-2.0.5.tgz",
        "object-keys": "https://registry.npmjs.org/object-keys/-/object-keys-1.0.11.tgz"
      }
    },
    "delegates": {
      "version": "https://registry.npmjs.org/delegates/-/delegates-1.0.0.tgz",
      "integrity": "sha1-hMbhWbgZBP3KWaDvRM2HDTElD5o="
    },
    "depd": {
      "version": "http://registry.npmjs.org/depd/-/depd-1.1.1.tgz",
      "integrity": "sha1-V4O04cRZ8G+lyif5kfPQbnoxA1k="
    },
    "destroy": {
      "version": "https://registry.npmjs.org/destroy/-/destroy-1.0.4.tgz",
      "integrity": "sha1-l4hXRCxEdJ5CBmE+N5RiBYJqvYA="
    },
    "ee-first": {
      "version": "https://registry.npmjs.org/ee-first/-/ee-first-1.1.1.tgz",
      "integrity": "sha1-WQxhFWsK4vTwJVcyoViyZrxWsh0="
    },
    "error-inject": {
      "version": "http://registry.npmjs.org/error-inject/-/error-inject-1.0.0.tgz",
      "integrity": "sha1-4rPZG1Su1nLzCdlQ0VSFD6EdTzc="
    },
    "escape-html": {
      "version": "https://registry.npmjs.org/escape-html/-/escape-html-1.0.3.tgz",
      "integrity": "sha1-Aljq5NPQwJdN4cFpGI7wBR0dGYg="
    },
    "foreach": {
      "version": "https://registry.npmjs.org/foreach/-/foreach-2.0.5.tgz",
      "integrity": "sha1-C+4AUBiusmDQo6865ljdATbsG5k="
    },
    "formidable": {
      "version": "https://registry.npmjs.org/formidable/-/formidable-1.1.1.tgz",
      "integrity": "sha1-lriIb3w8NQi5Mta9cMTTqI818ak="
    },
    "fresh": {
      "version": "http://registry.npmjs.org/fresh/-/fresh-0.5.0.tgz",
      "integrity": "sha1-9HTKXmqSRtb9jglTz6m5yAWvp44="
    },
    "http-assert": {
      "version": "http://registry.npmjs.org/http-assert/-/http-assert-1.3.0.tgz",
      "integrity": "sha1-oxpc+IyHPsu1eWkH1NbxMujAHko=",
      "requires": {
        "deep-equal": "http://registry.npmjs.org/deep-equal/-/deep-equal-1.0.1.tgz",
        "http-errors": "http://registry.npmjs.org/http-errors/-/http-errors-1.6.2.tgz"
      }
    },
    "http-errors": {
      "version": "http://registry.npmjs.org/http-errors/-/http-errors-1.6.2.tgz",
      "integrity": "sha1-CgAsyFcHGSp+eUbO7cERVfYOxzY=",
      "requires": {
        "depd": "http://registry.npmjs.org/depd/-/depd-1.1.1.tgz",
        "inherits": "https://registry.npmjs.org/inherits/-/inherits-2.0.3.tgz",
        "setprototypeof": "http://registry.npmjs.org/setprototypeof/-/setprototypeof-1.0.3.tgz",
        "statuses": "https://registry.npmjs.org/statuses/-/statuses-1.3.1.tgz"
      }
    },
    "iconv-lite": {
      "version": "https://registry.npmjs.org/iconv-lite/-/iconv-lite-0.4.18.tgz",
      "integrity": "sha1-I9hlaxaq5nQqwpcy6o8DNqR4nPI="
    },
    "inflation": {
      "version": "https://registry.npmjs.org/inflation/-/inflation-2.0.0.tgz",
      "integrity": "sha1-i0F+R8KPklpFEz2RTKH9OJEH8w8="
    },
    "inherits": {
      "version": "https://registry.npmjs.org/inherits/-/inherits-2.0.3.tgz",
      "integrity": "sha1-Yzwsg+PaQqUC9SRmAiSA9CCCYd4="
    },
    "is-generator-function": {
      "version": "http://registry.npmjs.org/is-generator-function/-/is-generator-function-1.0.6.tgz",
      "integrity": "sha1-nnFlPNFf/zQcecQVFGChMdMen8Q="
    },
    "is-nan": {
      "version": "https://registry.npmjs.org/is-nan/-/is-nan-1.2.1.tgz",
      "integrity": "sha1-n69ltvttskt/XAYoR16nH5iEAeI=",
      "requires": {
        "define-properties": "https://registry.npmjs.org/define-properties/-/define-properties-1.1.2.tgz"
      }
    },
    "keygrip": {
      "version": "http://registry.npmjs.org/keygrip/-/keygrip-1.0.1.tgz",
      "integrity": "sha1-sC+kgW7vIajEs1yp5Skh/8iaMOk="
    },
    "koa": {
      "version": "http://registry.npmjs.org/koa/-/koa-2.3.0.tgz",
      "integrity": "sha1-nh6OTaQBg5xXuFJ+rcV/dhJ1Vac=",
      "requires": {
        "accepts": "http://registry.npmjs.org/accepts/-/accepts-1.3.3.tgz",
        "content-disposition": "http://registry.npmjs.org/content-disposition/-/content-disposition-0.5.2.tgz",
        "content-type": "https://registry.npmjs.org/content-type/-/content-type-1.0.2.tgz",
        "cookies": "http://registry.npmjs.org/cookies/-/cookies-0.7.0.tgz",
        "debug": "3.0.0",
        "delegates": "https://registry.npmjs.org/delegates/-/delegates-1.0.0.tgz",
        "depd": "http://registry.npmjs.org/depd/-/depd-1.1.1.tgz",
        "destroy": "https://registry.npmjs.org/destroy/-/destroy-1.0.4.tgz",
        "error-inject": "http://registry.npmjs.org/error-inject/-/error-inject-1.0.0.tgz",
        "escape-html": "https://registry.npmjs.org/escape-html/-/escape-html-1.0.3.tgz",
        "fresh": "http://registry.npmjs.org/fresh/-/fresh-0.5.0.tgz",
        "http-assert": "http://registry.npmjs.org/http-assert/-/http-assert-1.3.0.tgz",
        "http-errors": "http://registry.npmjs.org/http-errors/-/http-errors-1.6.2.tgz",
        "is-generator-function": "http://registry.npmjs.org/is-generator-function/-/is-generator-function-1.0.6.tgz",
        "koa-compose": "http://registry.npmjs.org/koa-compose/-/koa-compose-4.0.0.tgz",
        "koa-convert": "http://registry.npmjs.org/koa-convert/-/koa-convert-1.2.0.tgz",
        "koa-is-json": "http://registry.npmjs.org/koa-is-json/-/koa-is-json-1.0.0.tgz",
        "mime-types": "https://registry.npm.taobao.org/mime-types/download/mime-types-2.1.16.tgz",
        "on-finished": "http://registry.npmjs.org/on-finished/-/on-finished-2.3.0.tgz",
        "only": "http://registry.npmjs.org/only/-/only-0.0.2.tgz",
        "parseurl": "http://registry.npmjs.org/parseurl/-/parseurl-1.3.1.tgz",
        "statuses": "https://registry.npmjs.org/statuses/-/statuses-1.3.1.tgz",
        "type-is": "http://registry.npmjs.org/type-is/-/type-is-1.6.15.tgz",
        "vary": "http://registry.npmjs.org/vary/-/vary-1.1.1.tgz"
      }
    },
    "koa-body": {
      "version": "http://registry.npmjs.org/koa-body/-/koa-body-2.3.0.tgz",
      "integrity": "sha1-M+2wZHHhwucm1QavPltNzjmSTx8=",
      "requires": {
        "co-body": "https://registry.npmjs.org/co-body/-/co-body-5.1.1.tgz",
        "formidable": "https://registry.npmjs.org/formidable/-/formidable-1.1.1.tgz"
      }
    },
    "koa-compose": {
      "version": "http://registry.npmjs.org/koa-compose/-/koa-compose-4.0.0.tgz",
      "integrity": "sha1-KAClE9nDYe8NY4UrA45Pby1adzw="
    },
    "koa-convert": {
      "version": "http://registry.npmjs.org/koa-convert/-/koa-convert-1.2.0.tgz",
      "integrity": "sha1-2kCHXfSd4FOQmNFwC1CCDOvNIdA=",
      "requires": {
        "co": "https://registry.npmjs.org/co/-/co-4.6.0.tgz",
        "koa-compose": "http://registry.npmjs.org/koa-compose/-/koa-compose-3.2.1.tgz"
      },
      "dependencies": {
        "koa-compose": {
          "version": "http://registry.npmjs.org/koa-compose/-/koa-compose-3.2.1.tgz",
          "integrity": "sha1-qFzLQLfZhtjlo0Wzoazo6rz1Tec=",
          "requires": {
            "any-promise": "https://registry.npmjs.org/any-promise/-/any-promise-1.3.0.tgz"
          }
        }
      }
    },
    "koa-is-json": {
      "version": "http://registry.npmjs.org/koa-is-json/-/koa-is-json-1.0.0.tgz",
      "integrity": "sha1-JzwH7c3Ljfaiwat9We52SRRR7BQ="
    },
    "koa-mount": {
      "version": "http://registry.npmjs.org/koa-mount/-/koa-mount-3.0.0.tgz",
      "integrity": "sha1-CMqzuD0xRC7Yt+dcVLGr65IuwZc=",
      "requires": {
        "debug": "https://registry.npmjs.org/debug/-/debug-2.6.8.tgz",
        "koa-compose": "http://registry.npmjs.org/koa-compose/-/koa-compose-3.2.1.tgz"
      },
      "dependencies": {
        "debug": {
          "version": "https://registry.npmjs.org/debug/-/debug-2.6.8.tgz",
          "integrity": "sha1-5zFTHKLt4n0YgiJCfaF4IdaP9Pw=",
          "requires": {
            "ms": "https://registry.npmjs.org/ms/-/ms-2.0.0.tgz"
          }
        },
        "koa-compose": {
          "version": "http://registry.npmjs.org/koa-compose/-/koa-compose-3.2.1.tgz",
          "integrity": "sha1-qFzLQLfZhtjlo0Wzoazo6rz1Tec=",
          "requires": {
            "any-promise": "https://registry.npmjs.org/any-promise/-/any-promise-1.3.0.tgz"
          }
        }
      }
    },
    "koa-send": {
      "version": "https://registry.npmjs.org/koa-send/-/koa-send-4.1.0.tgz",
      "integrity": "sha1-B9Wk6qshJnn+mZFqrmsRCcCMI2E=",
      "requires": {
        "debug": "https://registry.npmjs.org/debug/-/debug-2.6.8.tgz",
        "http-errors": "http://registry.npmjs.org/http-errors/-/http-errors-1.6.2.tgz",
        "mz": "https://registry.npmjs.org/mz/-/mz-2.6.0.tgz",
        "resolve-path": "https://registry.npmjs.org/resolve-path/-/resolve-path-1.3.3.tgz"
      },
      "dependencies": {
        "debug": {
          "version": "https://registry.npmjs.org/debug/-/debug-2.6.8.tgz",
          "integrity": "sha1-5zFTHKLt4n0YgiJCfaF4IdaP9Pw=",
          "requires": {
            "ms": "https://registry.npmjs.org/ms/-/ms-2.0.0.tgz"
          }
        }
      }
    },
    "koa-static": {
      "version": "http://registry.npmjs.org/koa-static/-/koa-static-4.0.1.tgz",
      "integrity": "sha1-uZUh7YSNett5rK6cgk2NgneoxNU=",
      "requires": {
        "debug": "https://registry.npmjs.org/debug/-/debug-2.6.8.tgz",
        "koa-send": "https://registry.npmjs.org/koa-send/-/koa-send-4.1.0.tgz"
      },
      "dependencies": {
        "debug": {
          "version": "https://registry.npmjs.org/debug/-/debug-2.6.8.tgz",
          "integrity": "sha1-5zFTHKLt4n0YgiJCfaF4IdaP9Pw=",
          "requires": {
            "ms": "https://registry.npmjs.org/ms/-/ms-2.0.0.tgz"
          }
        }
      }
    },
    "long-timeout": {
      "version": "https://registry.npmjs.org/long-timeout/-/long-timeout-0.1.1.tgz",
      "integrity": "sha1-lyHXiLR+C8taJMLivuGg2lXatRQ="
    },
    "media-typer": {
      "version": "https://registry.npmjs.org/media-typer/-/media-typer-0.3.0.tgz",
      "integrity": "sha1-hxDXrwqmJvj/+hzgAWhUUmMlV0g="
    },
    "mime-db": {
      "version": "https://registry.npm.taobao.org/mime-db/download/mime-db-1.29.0.tgz",
      "integrity": "sha1-SNJtI1WJZRcErFkWygYAGRQmaHg="
    },
    "mime-types": {
      "version": "https://registry.npm.taobao.org/mime-types/download/mime-types-2.1.16.tgz",
      "integrity": "sha1-K4WKUuXs1RbbiXrCvodIeDBpjiM=",
      "requires": {
        "mime-db": "https://registry.npm.taobao.org/mime-db/download/mime-db-1.29.0.tgz"
      }
    },
    "moment": {
      "version": "https://registry.npmjs.org/moment/-/moment-2.18.1.tgz",
      "integrity": "sha1-w2GT3Tzhwu7SrbfIAtu8d6gbHA8="
    },
    "moment-timezone": {
      "version": "https://registry.npmjs.org/moment-timezone/-/moment-timezone-0.5.13.tgz",
      "integrity": "sha1-mc5cfYJyYusPH3AgRBd/YHRde5A=",
      "requires": {
        "moment": "https://registry.npmjs.org/moment/-/moment-2.18.1.tgz"
      }
    },
    "ms": {
      "version": "https://registry.npmjs.org/ms/-/ms-2.0.0.tgz",
      "integrity": "sha1-VgiurfwAvmwpAd9fmGF4jeDVl8g="
    },
    "mz": {
      "version": "https://registry.npmjs.org/mz/-/mz-2.6.0.tgz",
      "integrity": "sha1-yLhSHZWN8KTydoAl22nHGe5O8c4=",
      "requires": {
        "any-promise": "https://registry.npmjs.org/any-promise/-/any-promise-1.3.0.tgz",
        "object-assign": "https://registry.npmjs.org/object-assign/-/object-assign-4.1.1.tgz",
        "thenify-all": "https://registry.npmjs.org/thenify-all/-/thenify-all-1.6.0.tgz"
      }
    },
    "negotiator": {
      "version": "http://registry.npmjs.org/negotiator/-/negotiator-0.6.1.tgz",
      "integrity": "sha1-KzJxhOiZIQEXeyhWP7XnECrNDKk="
    },
    "node-schedule": {
      "version": "https://registry.npmjs.org/node-schedule/-/node-schedule-1.2.4.tgz",
      "integrity": "sha1-x3Zbyy8Y2Iz3N+q14QmCI6PeerY=",
      "requires": {
        "cron-parser": "https://registry.npmjs.org/cron-parser/-/cron-parser-2.4.1.tgz",
        "long-timeout": "https://registry.npmjs.org/long-timeout/-/long-timeout-0.1.1.tgz",
        "sorted-array-functions": "https://registry.npmjs.org/sorted-array-functions/-/sorted-array-functions-1.0.0.tgz"
      }
    },
    "object-assign": {
      "version": "https://registry.npmjs.org/object-assign/-/object-assign-4.1.1.tgz",
      "integrity": "sha1-IQmtx5ZYh8/AXLvUQsrIv7s2CGM="
    },
    "object-keys": {
      "version": "https://registry.npmjs.org/object-keys/-/object-keys-1.0.11.tgz",
      "integrity": "sha1-xUYBd4rVYPEULODgG8yotW0TQm0="
    },
    "on-finished": {
      "version": "http://registry.npmjs.org/on-finished/-/on-finished-2.3.0.tgz",
      "integrity": "sha1-IPEzZIGwg811M3mSoWlxqi2QaUc=",
      "requires": {
        "ee-first": "https://registry.npmjs.org/ee-first/-/ee-first-1.1.1.tgz"
      }
    },
    "only": {
      "version": "http://registry.npmjs.org/only/-/only-0.0.2.tgz",
      "integrity": "sha1-Kv3oTQPlC5qO3EROMGEKcCle37Q="
    },
    "parseurl": {
      "version": "http://registry.npmjs.org/parseurl/-/parseurl-1.3.1.tgz",
      "integrity": "sha1-yKuMkiO6NIiKpkopeyiFO+wY2lY="
    },
    "path-is-absolute": {
      "version": "https://registry.npmjs.org/path-is-absolute/-/path-is-absolute-1.0.1.tgz",
      "integrity": "sha1-F0uSaHNVNP+8es5r9TpanhtcX18="
    },
    "qs": {
      "version": "https://registry.npmjs.org/qs/-/qs-6.5.0.tgz",
      "integrity": "sha1-jQSVTTZN7z78VbWgeT4eLIsebkk="
    },
    "raw-body": {
      "version": "https://registry.npmjs.org/raw-body/-/raw-body-2.3.0.tgz",
      "integrity": "sha1-95zhrKyrpbY2LTNFTXhdcSn0vGc=",
      "requires": {
        "bytes": "https://registry.npmjs.org/bytes/-/bytes-2.5.0.tgz",
        "http-errors": "https://registry.npmjs.org/http-errors/-/http-errors-1.6.1.tgz",
        "iconv-lite": "https://registry.npmjs.org/iconv-lite/-/iconv-lite-0.4.18.tgz",
        "unpipe": "https://registry.npmjs.org/unpipe/-/unpipe-1.0.0.tgz"
      },
      "dependencies": {
        "depd": {
          "version": "https://registry.npmjs.org/depd/-/depd-1.1.0.tgz",
          "integrity": "sha1-4b2Cxqq2ztlluXuIsX7T5SjKGMM="
        },
        "http-errors": {
          "version": "https://registry.npmjs.org/http-errors/-/http-errors-1.6.1.tgz",
          "integrity": "sha1-X4uO2YrKVFZWv1cplzh/kEpyIlc=",
          "requires": {
            "depd": "https://registry.npmjs.org/depd/-/depd-1.1.0.tgz",
            "inherits": "https://registry.npmjs.org/inherits/-/inherits-2.0.3.tgz",
            "setprototypeof": "http://registry.npmjs.org/setprototypeof/-/setprototypeof-1.0.3.tgz",
            "statuses": "https://registry.npmjs.org/statuses/-/statuses-1.3.1.tgz"
          }
        }
      }
    },
    "resolve-path": {
      "version": "https://registry.npmjs.org/resolve-path/-/resolve-path-1.3.3.tgz",
      "integrity": "sha1-TYOrpkaMK45jKldeP1Kw+g2+Glw=",
      "requires": {
        "http-errors": "https://registry.npmjs.org/http-errors/-/http-errors-1.5.1.tgz",
        "path-is-absolute": "https://registry.npmjs.org/path-is-absolute/-/path-is-absolute-1.0.1.tgz"
      },
      "dependencies": {
        "http-errors": {
          "version": "https://registry.npmjs.org/http-errors/-/http-errors-1.5.1.tgz",
          "integrity": "sha1-eIwNLB3iyBuebowBhDtrl+uSB1A=",
          "requires": {
            "inherits": "https://registry.npmjs.org/inherits/-/inherits-2.0.3.tgz",
            "setprototypeof": "https://registry.npmjs.org/setprototypeof/-/setprototypeof-1.0.2.tgz",
            "statuses": "https://registry.npmjs.org/statuses/-/statuses-1.3.1.tgz"
          }
        },
        "setprototypeof": {
          "version": "https://registry.npmjs.org/setprototypeof/-/setprototypeof-1.0.2.tgz",
          "integrity": "sha1-gaVSFB7BBLiOic44MQOtXGZWTQg="
        }
      }
    },
    "setprototypeof": {
      "version": "http://registry.npmjs.org/setprototypeof/-/setprototypeof-1.0.3.tgz",
      "integrity": "sha1-ZlZ+NwQ+608E2RvWWMDL77VbjgQ="
    },
    "sorted-array-functions": {
      "version": "https://registry.npmjs.org/sorted-array-functions/-/sorted-array-functions-1.0.0.tgz",
      "integrity": "sha1-wLVU2ecJr/y+VtNMGyUUGX/Tgnk="
    },
    "statuses": {
      "version": "https://registry.npmjs.org/statuses/-/statuses-1.3.1.tgz",
      "integrity": "sha1-+vUbnrdKrvOzrPStX2Gr8ky3uT4="
    },
    "thenify": {
      "version": "https://registry.npmjs.org/thenify/-/thenify-3.3.0.tgz",
      "integrity": "sha1-5p44obq+lpsBCCB5eLn2K4hgSDk=",
      "requires": {
        "any-promise": "https://registry.npmjs.org/any-promise/-/any-promise-1.3.0.tgz"
      }
    },
    "thenify-all": {
      "version": "https://registry.npmjs.org/thenify-all/-/thenify-all-1.6.0.tgz",
      "integrity": "sha1-GhkY1ALY/D+Y+/I02wvMjMEOlyY=",
      "requires": {
        "thenify": "https://registry.npmjs.org/thenify/-/thenify-3.3.0.tgz"
      }
    },
    "type-is": {
      "version": "http://registry.npmjs.org/type-is/-/type-is-1.6.15.tgz",
      "integrity": "sha1-yrEPtJCeRByChC6v4a1kbIGARBA=",
      "requires": {
        "media-typer": "https://registry.npmjs.org/media-typer/-/media-typer-0.3.0.tgz",
        "mime-types": "https://registry.npm.taobao.org/mime-types/download/mime-types-2.1.16.tgz"
      }
    },
    "unpipe": {
      "version": "https://registry.npmjs.org/unpipe/-/unpipe-1.0.0.tgz",
      "integrity": "sha1-sr9O6FFKrmFltIF4KdIbLvSZBOw="
    },
    "vary": {
      "version": "http://registry.npmjs.org/vary/-/vary-1.1.1.tgz",
      "integrity": "sha1-Z1Neu2lMHVIldFeYRmUyP1h+jTc="
    }
  }
}
